
Microsoft Visual Studio Solution File, Format Version 12.00
# Visual Studio Version 16
VisualStudioVersion = 16.0.29025.244
MinimumVisualStudioVersion = 10.0.40219.1
Project("{9A19103F-16F7-4668-BE54-9A1E7A4F7556}") = "Backend", "Backend\Backend.csproj", "{1F381C4B-92C7-4CB5-9C05-09D2C831F8DC}"
EndProject
Project("{9A19103F-16F7-4668-BE54-9A1E7A4F7556}") = "AngularUX", "AngularUX\AngularUX.csproj", "{7908F5FB-7E86-4CFD-92A2-75B768FAEB2F}"
EndProject
Global
	GlobalSection(SolutionConfigurationPlatforms) = preSolution
		Debug|Any CPU = Debug|Any CPU
		Release|Any CPU = Release|Any CPU
	EndGlobalSection
	GlobalSection(ProjectConfigurationPlatforms) = postSolution
		{1F381C4B-92C7-4CB5-9C05-09D2C831F8DC}.Debug|Any CPU.ActiveCfg = Debug|Any CPU
		{1F381C4B-92C7-4CB5-9C05-09D2C831F8DC}.Debug|Any CPU.Build.0 = Debug|Any CPU
		{1F381C4B-92C7-4CB5-9C05-09D2C831F8DC}.Release|Any CPU.ActiveCfg = Release|Any CPU
		{1F381C4B-92C7-4CB5-9C05-09D2C831F8DC}.Release|Any CPU.Build.0 = Release|Any CPU
		{7908F5FB-7E86-4CFD-92A2-75B768FAEB2F}.Debug|Any CPU.ActiveCfg = Debug|Any CPU
		{7908F5FB-7E86-4CFD-92A2-75B768FAEB2F}.Debug|Any CPU.Build.0 = Debug|Any CPU
		{7908F5FB-7E86-4CFD-92A2-75B768FAEB2F}.Release|Any CPU.ActiveCfg = Release|Any CPU
		{7908F5FB-7E86-4CFD-92A2-75B768FAEB2F}.Release|Any CPU.Build.0 = Release|Any CPU
	EndGlobalSection
	GlobalSection(SolutionProperties) = preSolution
		HideSolutionNode = FALSE
	EndGlobalSection
	GlobalSection(ExtensibilityGlobals) = postSolution
		SolutionGuid = {E31C1892-5671-45C6-9881-BEE6619698AE}
	EndGlobalSection
EndGlobal
