
Microsoft Visual Studio Solution File, Format Version 12.00
# Visual Studio Version 16
VisualStudioVersion = 16.0.29025.244
MinimumVisualStudioVersion = 10.0.40219.1
Project("{9A19103F-16F7-4668-BE54-9A1E7A4F7556}") = "Backend", "Backend\Backend.csproj", "{1F381C4B-92C7-4CB5-9C05-09D2C831F8DC}"
EndProject
Project("{9A19103F-16F7-4668-BE54-9A1E7A4F7556}") = "AngularUX", "AngularUX\AngularUX.csproj", "{7908F5FB-7E86-4CFD-92A2-75B768FAEB2F}"
EndProject
Project("{9A19103F-16F7-4668-BE54-9A1E7A4F7556}") = "Backend.Test", "Backend.Test\Backend.Test.csproj", "{FC401C40-F4C6-48AD-B5B5-BC7455AAF703}"
EndProject
Project("{9A19103F-16F7-4668-BE54-9A1E7A4F7556}") = "Sudoku", "Sudoku\Sudoku.csproj", "{70843C9C-C4BA-4655-853E-ABC96A9AE764}"
EndProject
Project("{9A19103F-16F7-4668-BE54-9A1E7A4F7556}") = "Sudoku.Test", "Sudoku.Test\Sudoku.Test.csproj", "{66EAF03A-6DA3-4AE4-A8C4-7C0706DAF211}"
EndProject
Project("{9A19103F-16F7-4668-BE54-9A1E7A4F7556}") = "ConsoleDevice", "ConsoleDevice\ConsoleDevice.csproj", "{318AF0A4-22FE-4725-8606-F7F2D1467C96}"
EndProject
Project("{FAE04EC0-301F-11D3-BF4B-00C04F79EFBC}") = "Messaging", "Messaging\Messaging.csproj", "{8E0F4F9D-AECE-45A0-ACFD-AC8EE724A315}"
EndProject
Global
	GlobalSection(SolutionConfigurationPlatforms) = preSolution
		Debug|Any CPU = Debug|Any CPU
		Release|Any CPU = Release|Any CPU
	EndGlobalSection
	GlobalSection(ProjectConfigurationPlatforms) = postSolution
		{1F381C4B-92C7-4CB5-9C05-09D2C831F8DC}.Debug|Any CPU.ActiveCfg = Debug|Any CPU
		{1F381C4B-92C7-4CB5-9C05-09D2C831F8DC}.Debug|Any CPU.Build.0 = Debug|Any CPU
		{1F381C4B-92C7-4CB5-9C05-09D2C831F8DC}.Release|Any CPU.ActiveCfg = Release|Any CPU
		{1F381C4B-92C7-4CB5-9C05-09D2C831F8DC}.Release|Any CPU.Build.0 = Release|Any CPU
		{7908F5FB-7E86-4CFD-92A2-75B768FAEB2F}.Debug|Any CPU.ActiveCfg = Debug|Any CPU
		{7908F5FB-7E86-4CFD-92A2-75B768FAEB2F}.Debug|Any CPU.Build.0 = Debug|Any CPU
		{7908F5FB-7E86-4CFD-92A2-75B768FAEB2F}.Release|Any CPU.ActiveCfg = Release|Any CPU
		{7908F5FB-7E86-4CFD-92A2-75B768FAEB2F}.Release|Any CPU.Build.0 = Release|Any CPU
		{FC401C40-F4C6-48AD-B5B5-BC7455AAF703}.Debug|Any CPU.ActiveCfg = Debug|Any CPU
		{FC401C40-F4C6-48AD-B5B5-BC7455AAF703}.Debug|Any CPU.Build.0 = Debug|Any CPU
		{FC401C40-F4C6-48AD-B5B5-BC7455AAF703}.Release|Any CPU.ActiveCfg = Release|Any CPU
		{FC401C40-F4C6-48AD-B5B5-BC7455AAF703}.Release|Any CPU.Build.0 = Release|Any CPU
		{70843C9C-C4BA-4655-853E-ABC96A9AE764}.Debug|Any CPU.ActiveCfg = Debug|Any CPU
		{70843C9C-C4BA-4655-853E-ABC96A9AE764}.Debug|Any CPU.Build.0 = Debug|Any CPU
		{70843C9C-C4BA-4655-853E-ABC96A9AE764}.Release|Any CPU.ActiveCfg = Release|Any CPU
		{70843C9C-C4BA-4655-853E-ABC96A9AE764}.Release|Any CPU.Build.0 = Release|Any CPU
		{66EAF03A-6DA3-4AE4-A8C4-7C0706DAF211}.Debug|Any CPU.ActiveCfg = Debug|Any CPU
		{66EAF03A-6DA3-4AE4-A8C4-7C0706DAF211}.Debug|Any CPU.Build.0 = Debug|Any CPU
		{66EAF03A-6DA3-4AE4-A8C4-7C0706DAF211}.Release|Any CPU.ActiveCfg = Release|Any CPU
		{66EAF03A-6DA3-4AE4-A8C4-7C0706DAF211}.Release|Any CPU.Build.0 = Release|Any CPU
		{318AF0A4-22FE-4725-8606-F7F2D1467C96}.Debug|Any CPU.ActiveCfg = Debug|Any CPU
		{318AF0A4-22FE-4725-8606-F7F2D1467C96}.Debug|Any CPU.Build.0 = Debug|Any CPU
		{318AF0A4-22FE-4725-8606-F7F2D1467C96}.Release|Any CPU.ActiveCfg = Release|Any CPU
		{318AF0A4-22FE-4725-8606-F7F2D1467C96}.Release|Any CPU.Build.0 = Release|Any CPU
		{8E0F4F9D-AECE-45A0-ACFD-AC8EE724A315}.Debug|Any CPU.ActiveCfg = Debug|Any CPU
		{8E0F4F9D-AECE-45A0-ACFD-AC8EE724A315}.Debug|Any CPU.Build.0 = Debug|Any CPU
		{8E0F4F9D-AECE-45A0-ACFD-AC8EE724A315}.Release|Any CPU.ActiveCfg = Release|Any CPU
		{8E0F4F9D-AECE-45A0-ACFD-AC8EE724A315}.Release|Any CPU.Build.0 = Release|Any CPU
	EndGlobalSection
	GlobalSection(SolutionProperties) = preSolution
		HideSolutionNode = FALSE
	EndGlobalSection
	GlobalSection(ExtensibilityGlobals) = postSolution
		SolutionGuid = {E31C1892-5671-45C6-9881-BEE6619698AE}
	EndGlobalSection
EndGlobal
